// !$*UTF8*$!
{
	archiveVersion = 1;
	classes = {
	};
	objectVersion = 56;
	objects = {

/* Begin PBXBuildFile section */
		E5421F1629E5C20A00A98D88 /* ManifoldTradingBotApp.swift in Sources */ = {isa = PBXBuildFile; fileRef = E5421F1529E5C20A00A98D88 /* ManifoldTradingBotApp.swift */; };
		E5421F1829E5C20A00A98D88 /* ContentView.swift in Sources */ = {isa = PBXBuildFile; fileRef = E5421F1729E5C20A00A98D88 /* ContentView.swift */; };
		E5421F1A29E5C20A00A98D88 /* Assets.xcassets in Resources */ = {isa = PBXBuildFile; fileRef = E5421F1929E5C20A00A98D88 /* Assets.xcassets */; };
		E5421F1E29E5C20A00A98D88 /* Preview Assets.xcassets in Resources */ = {isa = PBXBuildFile; fileRef = E5421F1D29E5C20A00A98D88 /* Preview Assets.xcassets */; };
		E5421F2829E5C20B00A98D88 /* ManifoldTradingBotTests.swift in Sources */ = {isa = PBXBuildFile; fileRef = E5421F2729E5C20B00A98D88 /* ManifoldTradingBotTests.swift */; };
		E5421F3229E5C20B00A98D88 /* ManifoldTradingBotUITests.swift in Sources */ = {isa = PBXBuildFile; fileRef = E5421F3129E5C20B00A98D88 /* ManifoldTradingBotUITests.swift */; };
		E5421F3429E5C20B00A98D88 /* ManifoldTradingBotUITestsLaunchTests.swift in Sources */ = {isa = PBXBuildFile; fileRef = E5421F3329E5C20B00A98D88 /* ManifoldTradingBotUITestsLaunchTests.swift */; };
/* End PBXBuildFile section */

/* Begin PBXContainerItemProxy section */
		E5421F2429E5C20B00A98D88 /* PBXContainerItemProxy */ = {
			isa = PBXContainerItemProxy;
			containerPortal = E5421F0A29E5C20900A98D88 /* Project object */;
			proxyType = 1;
			remoteGlobalIDString = E5421F1129E5C20A00A98D88;
			remoteInfo = ManifoldTradingBot;
		};
		E5421F2E29E5C20B00A98D88 /* PBXContainerItemProxy */ = {
			isa = PBXContainerItemProxy;
			containerPortal = E5421F0A29E5C20900A98D88 /* Project object */;
			proxyType = 1;
			remoteGlobalIDString = E5421F1129E5C20A00A98D88;
			remoteInfo = ManifoldTradingBot;
		};
/* End PBXContainerItemProxy section */

/* Begin PBXFileReference section */
		E5421F1229E5C20A00A98D88 /* ManifoldTradingBot.app */ = {isa = PBXFileReference; explicitFileType = wrapper.application; includeInIndex = 0; path = ManifoldTradingBot.app; sourceTree = BUILT_PRODUCTS_DIR; };
		E5421F1529E5C20A00A98D88 /* ManifoldTradingBotApp.swift */ = {isa = PBXFileReference; lastKnownFileType = sourcecode.swift; path = ManifoldTradingBotApp.swift; sourceTree = "<group>"; };
		E5421F1729E5C20A00A98D88 /* ContentView.swift */ = {isa = PBXFileReference; lastKnownFileType = sourcecode.swift; path = ContentView.swift; sourceTree = "<group>"; };
		E5421F1929E5C20A00A98D88 /* Assets.xcassets */ = {isa = PBXFileReference; lastKnownFileType = folder.assetcatalog; path = Assets.xcassets; sourceTree = "<group>"; };
		E5421F1B29E5C20A00A98D88 /* ManifoldTradingBot.entitlements */ = {isa = PBXFileReference; lastKnownFileType = text.plist.entitlements; path = ManifoldTradingBot.entitlements; sourceTree = "<group>"; };
		E5421F1D29E5C20A00A98D88 /* Preview Assets.xcassets */ = {isa = PBXFileReference; lastKnownFileType = folder.assetcatalog; path = "Preview Assets.xcassets"; sourceTree = "<group>"; };
		E5421F2329E5C20B00A98D88 /* ManifoldTradingBotTests.xctest */ = {isa = PBXFileReference; explicitFileType = wrapper.cfbundle; includeInIndex = 0; path = ManifoldTradingBotTests.xctest; sourceTree = BUILT_PRODUCTS_DIR; };
		E5421F2729E5C20B00A98D88 /* ManifoldTradingBotTests.swift */ = {isa = PBXFileReference; lastKnownFileType = sourcecode.swift; path = ManifoldTradingBotTests.swift; sourceTree = "<group>"; };
		E5421F2D29E5C20B00A98D88 /* ManifoldTradingBotUITests.xctest */ = {isa = PBXFileReference; explicitFileType = wrapper.cfbundle; includeInIndex = 0; path = ManifoldTradingBotUITests.xctest; sourceTree = BUILT_PRODUCTS_DIR; };
		E5421F3129E5C20B00A98D88 /* ManifoldTradingBotUITests.swift */ = {isa = PBXFileReference; lastKnownFileType = sourcecode.swift; path = ManifoldTradingBotUITests.swift; sourceTree = "<group>"; };
		E5421F3329E5C20B00A98D88 /* ManifoldTradingBotUITestsLaunchTests.swift */ = {isa = PBXFileReference; lastKnownFileType = sourcecode.swift; path = ManifoldTradingBotUITestsLaunchTests.swift; sourceTree = "<group>"; };
/* End PBXFileReference section */

/* Begin PBXFrameworksBuildPhase section */
		E5421F0F29E5C20A00A98D88 /* Frameworks */ = {
			isa = PBXFrameworksBuildPhase;
			buildActionMask = 2147483647;
			files = (
			);
			runOnlyForDeploymentPostprocessing = 0;
		};
		E5421F2029E5C20B00A98D88 /* Frameworks */ = {
			isa = PBXFrameworksBuildPhase;
			buildActionMask = 2147483647;
			files = (
			);
			runOnlyForDeploymentPostprocessing = 0;
		};
		E5421F2A29E5C20B00A98D88 /* Frameworks */ = {
			isa = PBXFrameworksBuildPhase;
			buildActionMask = 2147483647;
			files = (
			);
			runOnlyForDeploymentPostprocessing = 0;
		};
/* End PBXFrameworksBuildPhase section */

/* Begin PBXGroup section */
		E5421F0929E5C20900A98D88 = {
			isa = PBXGroup;
			children = (
				E5421F1429E5C20A00A98D88 /* ManifoldTradingBot */,
				E5421F2629E5C20B00A98D88 /* ManifoldTradingBotTests */,
				E5421F3029E5C20B00A98D88 /* ManifoldTradingBotUITests */,
				E5421F1329E5C20A00A98D88 /* Products */,
			);
			sourceTree = "<group>";
		};
		E5421F1329E5C20A00A98D88 /* Products */ = {
			isa = PBXGroup;
			children = (
				E5421F1229E5C20A00A98D88 /* ManifoldTradingBot.app */,
				E5421F2329E5C20B00A98D88 /* ManifoldTradingBotTests.xctest */,
				E5421F2D29E5C20B00A98D88 /* ManifoldTradingBotUITests.xctest */,
			);
			name = Products;
			sourceTree = "<group>";
		};
		E5421F1429E5C20A00A98D88 /* ManifoldTradingBot */ = {
			isa = PBXGroup;
			children = (
				E5421F1529E5C20A00A98D88 /* ManifoldTradingBotApp.swift */,
				E5421F1729E5C20A00A98D88 /* ContentView.swift */,
				E5421F1929E5C20A00A98D88 /* Assets.xcassets */,
				E5421F1B29E5C20A00A98D88 /* ManifoldTradingBot.entitlements */,
				E5421F1C29E5C20A00A98D88 /* Preview Content */,
			);
			path = ManifoldTradingBot;
			sourceTree = "<group>";
		};
		E5421F1C29E5C20A00A98D88 /* Preview Content */ = {
			isa = PBXGroup;
			children = (
				E5421F1D29E5C20A00A98D88 /* Preview Assets.xcassets */,
			);
			path = "Preview Content";
			sourceTree = "<group>";
		};
		E5421F2629E5C20B00A98D88 /* ManifoldTradingBotTests */ = {
			isa = PBXGroup;
			children = (
				E5421F2729E5C20B00A98D88 /* ManifoldTradingBotTests.swift */,
			);
			path = ManifoldTradingBotTests;
			sourceTree = "<group>";
		};
		E5421F3029E5C20B00A98D88 /* ManifoldTradingBotUITests */ = {
			isa = PBXGroup;
			children = (
				E5421F3129E5C20B00A98D88 /* ManifoldTradingBotUITests.swift */,
				E5421F3329E5C20B00A98D88 /* ManifoldTradingBotUITestsLaunchTests.swift */,
			);
			path = ManifoldTradingBotUITests;
			sourceTree = "<group>";
		};
/* End PBXGroup section */

/* Begin PBXNativeTarget section */
		E5421F1129E5C20A00A98D88 /* ManifoldTradingBot */ = {
			isa = PBXNativeTarget;
			buildConfigurationList = E5421F3729E5C20B00A98D88 /* Build configuration list for PBXNativeTarget "ManifoldTradingBot" */;
			buildPhases = (
				E5421F0E29E5C20A00A98D88 /* Sources */,
				E5421F0F29E5C20A00A98D88 /* Frameworks */,
				E5421F1029E5C20A00A98D88 /* Resources */,
			);
			buildRules = (
			);
			dependencies = (
			);
			name = ManifoldTradingBot;
			productName = ManifoldTradingBot;
			productReference = E5421F1229E5C20A00A98D88 /* ManifoldTradingBot.app */;
			productType = "com.apple.product-type.application";
		};
		E5421F2229E5C20B00A98D88 /* ManifoldTradingBotTests */ = {
			isa = PBXNativeTarget;
			buildConfigurationList = E5421F3A29E5C20B00A98D88 /* Build configuration list for PBXNativeTarget "ManifoldTradingBotTests" */;
			buildPhases = (
				E5421F1F29E5C20B00A98D88 /* Sources */,
				E5421F2029E5C20B00A98D88 /* Frameworks */,
				E5421F2129E5C20B00A98D88 /* Resources */,
			);
			buildRules = (
			);
			dependencies = (
				E5421F2529E5C20B00A98D88 /* PBXTargetDependency */,
			);
			name = ManifoldTradingBotTests;
			productName = ManifoldTradingBotTests;
			productReference = E5421F2329E5C20B00A98D88 /* ManifoldTradingBotTests.xctest */;
			productType = "com.apple.product-type.bundle.unit-test";
		};
		E5421F2C29E5C20B00A98D88 /* ManifoldTradingBotUITests */ = {
			isa = PBXNativeTarget;
			buildConfigurationList = E5421F3D29E5C20B00A98D88 /* Build configuration list for PBXNativeTarget "ManifoldTradingBotUITests" */;
			buildPhases = (
				E5421F2929E5C20B00A98D88 /* Sources */,
				E5421F2A29E5C20B00A98D88 /* Frameworks */,
				E5421F2B29E5C20B00A98D88 /* Resources */,
			);
			buildRules = (
			);
			dependencies = (
				E5421F2F29E5C20B00A98D88 /* PBXTargetDependency */,
			);
			name = ManifoldTradingBotUITests;
			productName = ManifoldTradingBotUITests;
			productReference = E5421F2D29E5C20B00A98D88 /* ManifoldTradingBotUITests.xctest */;
			productType = "com.apple.product-type.bundle.ui-testing";
		};
/* End PBXNativeTarget section */

/* Begin PBXProject section */
		E5421F0A29E5C20900A98D88 /* Project object */ = {
			isa = PBXProject;
			attributes = {
				BuildIndependentTargetsInParallel = 1;
				LastSwiftUpdateCheck = 1430;
				LastUpgradeCheck = 1430;
				TargetAttributes = {
					E5421F1129E5C20A00A98D88 = {
						CreatedOnToolsVersion = 14.3;
					};
					E5421F2229E5C20B00A98D88 = {
						CreatedOnToolsVersion = 14.3;
						TestTargetID = E5421F1129E5C20A00A98D88;
					};
					E5421F2C29E5C20B00A98D88 = {
						CreatedOnToolsVersion = 14.3;
						TestTargetID = E5421F1129E5C20A00A98D88;
					};
				};
			};
			buildConfigurationList = E5421F0D29E5C20900A98D88 /* Build configuration list for PBXProject "ManifoldTradingBot" */;
			compatibilityVersion = "Xcode 14.0";
			developmentRegion = en;
			hasScannedForEncodings = 0;
			knownRegions = (
				en,
				Base,
			);
			mainGroup = E5421F0929E5C20900A98D88;
			productRefGroup = E5421F1329E5C20A00A98D88 /* Products */;
			projectDirPath = "";
			projectRoot = "";
			targets = (
				E5421F1129E5C20A00A98D88 /* ManifoldTradingBot */,
				E5421F2229E5C20B00A98D88 /* ManifoldTradingBotTests */,
				E5421F2C29E5C20B00A98D88 /* ManifoldTradingBotUITests */,
			);
		};
/* End PBXProject section */

/* Begin PBXResourcesBuildPhase section */
		E5421F1029E5C20A00A98D88 /* Resources */ = {
			isa = PBXResourcesBuildPhase;
			buildActionMask = 2147483647;
			files = (
				E5421F1E29E5C20A00A98D88 /* Preview Assets.xcassets in Resources */,
				E5421F1A29E5C20A00A98D88 /* Assets.xcassets in Resources */,
			);
			runOnlyForDeploymentPostprocessing = 0;
		};
		E5421F2129E5C20B00A98D88 /* Resources */ = {
			isa = PBXResourcesBuildPhase;
			buildActionMask = 2147483647;
			files = (
			);
			runOnlyForDeploymentPostprocessing = 0;
		};
		E5421F2B29E5C20B00A98D88 /* Resources */ = {
			isa = PBXResourcesBuildPhase;
			buildActionMask = 2147483647;
			files = (
			);
			runOnlyForDeploymentPostprocessing = 0;
		};
/* End PBXResourcesBuildPhase section */

/* Begin PBXSourcesBuildPhase section */
		E5421F0E29E5C20A00A98D88 /* Sources */ = {
			isa = PBXSourcesBuildPhase;
			buildActionMask = 2147483647;
			files = (
				E5421F1829E5C20A00A98D88 /* ContentView.swift in Sources */,
				E5421F1629E5C20A00A98D88 /* ManifoldTradingBotApp.swift in Sources */,
			);
			runOnlyForDeploymentPostprocessing = 0;
		};
		E5421F1F29E5C20B00A98D88 /* Sources */ = {
			isa = PBXSourcesBuildPhase;
			buildActionMask = 2147483647;
			files = (
				E5421F2829E5C20B00A98D88 /* ManifoldTradingBotTests.swift in Sources */,
			);
			runOnlyForDeploymentPostprocessing = 0;
		};
		E5421F2929E5C20B00A98D88 /* Sources */ = {
			isa = PBXSourcesBuildPhase;
			buildActionMask = 2147483647;
			files = (
				E5421F3429E5C20B00A98D88 /* ManifoldTradingBotUITestsLaunchTests.swift in Sources */,
				E5421F3229E5C20B00A98D88 /* ManifoldTradingBotUITests.swift in Sources */,
			);
			runOnlyForDeploymentPostprocessing = 0;
		};
/* End PBXSourcesBuildPhase section */

/* Begin PBXTargetDependency section */
		E5421F2529E5C20B00A98D88 /* PBXTargetDependency */ = {
			isa = PBXTargetDependency;
			target = E5421F1129E5C20A00A98D88 /* ManifoldTradingBot */;
			targetProxy = E5421F2429E5C20B00A98D88 /* PBXContainerItemProxy */;
		};
		E5421F2F29E5C20B00A98D88 /* PBXTargetDependency */ = {
			isa = PBXTargetDependency;
			target = E5421F1129E5C20A00A98D88 /* ManifoldTradingBot */;
			targetProxy = E5421F2E29E5C20B00A98D88 /* PBXContainerItemProxy */;
		};
/* End PBXTargetDependency section */

/* Begin XCBuildConfiguration section */
		E5421F3529E5C20B00A98D88 /* Debug */ = {
			isa = XCBuildConfiguration;
			buildSettings = {
				ALWAYS_SEARCH_USER_PATHS = NO;
				CLANG_ANALYZER_NONNULL = YES;
				CLANG_ANALYZER_NUMBER_OBJECT_CONVERSION = YES_AGGRESSIVE;
				CLANG_CXX_LANGUAGE_STANDARD = "gnu++20";
				CLANG_ENABLE_MODULES = YES;
				CLANG_ENABLE_OBJC_ARC = YES;
				CLANG_ENABLE_OBJC_WEAK = YES;
				CLANG_WARN_BLOCK_CAPTURE_AUTORELEASING = YES;
				CLANG_WARN_BOOL_CONVERSION = YES;
				CLANG_WARN_COMMA = YES;
				CLANG_WARN_CONSTANT_CONVERSION = YES;
				CLANG_WARN_DEPRECATED_OBJC_IMPLEMENTATIONS = YES;
				CLANG_WARN_DIRECT_OBJC_ISA_USAGE = YES_ERROR;
				CLANG_WARN_DOCUMENTATION_COMMENTS = YES;
				CLANG_WARN_EMPTY_BODY = YES;
				CLANG_WARN_ENUM_CONVERSION = YES;
				CLANG_WARN_INFINITE_RECURSION = YES;
				CLANG_WARN_INT_CONVERSION = YES;
				CLANG_WARN_NON_LITERAL_NULL_CONVERSION = YES;
				CLANG_WARN_OBJC_IMPLICIT_RETAIN_SELF = YES;
				CLANG_WARN_OBJC_LITERAL_CONVERSION = YES;
				CLANG_WARN_OBJC_ROOT_CLASS = YES_ERROR;
				CLANG_WARN_QUOTED_INCLUDE_IN_FRAMEWORK_HEADER = YES;
				CLANG_WARN_RANGE_LOOP_ANALYSIS = YES;
				CLANG_WARN_STRICT_PROTOTYPES = YES;
				CLANG_WARN_SUSPICIOUS_MOVE = YES;
				CLANG_WARN_UNGUARDED_AVAILABILITY = YES_AGGRESSIVE;
				CLANG_WARN_UNREACHABLE_CODE = YES;
				CLANG_WARN__DUPLICATE_METHOD_MATCH = YES;
				COPY_PHASE_STRIP = NO;
				DEBUG_INFORMATION_FORMAT = dwarf;
				ENABLE_STRICT_OBJC_MSGSEND = YES;
				ENABLE_TESTABILITY = YES;
				GCC_C_LANGUAGE_STANDARD = gnu11;
				GCC_DYNAMIC_NO_PIC = NO;
				GCC_NO_COMMON_BLOCKS = YES;
				GCC_OPTIMIZATION_LEVEL = 0;
				GCC_PREPROCESSOR_DEFINITIONS = (
					"DEBUG=1",
					"$(inherited)",
				);
				GCC_WARN_64_TO_32_BIT_CONVERSION = YES;
				GCC_WARN_ABOUT_RETURN_TYPE = YES_ERROR;
				GCC_WARN_UNDECLARED_SELECTOR = YES;
				GCC_WARN_UNINITIALIZED_AUTOS = YES_AGGRESSIVE;
				GCC_WARN_UNUSED_FUNCTION = YES;
				GCC_WARN_UNUSED_VARIABLE = YES;
				MTL_ENABLE_DEBUG_INFO = INCLUDE_SOURCE;
				MTL_FAST_MATH = YES;
				ONLY_ACTIVE_ARCH = YES;
				SWIFT_ACTIVE_COMPILATION_CONDITIONS = DEBUG;
				SWIFT_OPTIMIZATION_LEVEL = "-Onone";
			};
			name = Debug;
		};
		E5421F3629E5C20B00A98D88 /* Release */ = {
			isa = XCBuildConfiguration;
			buildSettings = {
				ALWAYS_SEARCH_USER_PATHS = NO;
				CLANG_ANALYZER_NONNULL = YES;
				CLANG_ANALYZER_NUMBER_OBJECT_CONVERSION = YES_AGGRESSIVE;
				CLANG_CXX_LANGUAGE_STANDARD = "gnu++20";
				CLANG_ENABLE_MODULES = YES;
				CLANG_ENABLE_OBJC_ARC = YES;
				CLANG_ENABLE_OBJC_WEAK = YES;
				CLANG_WARN_BLOCK_CAPTURE_AUTORELEASING = YES;
				CLANG_WARN_BOOL_CONVERSION = YES;
				CLANG_WARN_COMMA = YES;
				CLANG_WARN_CONSTANT_CONVERSION = YES;
				CLANG_WARN_DEPRECATED_OBJC_IMPLEMENTATIONS = YES;
				CLANG_WARN_DIRECT_OBJC_ISA_USAGE = YES_ERROR;
				CLANG_WARN_DOCUMENTATION_COMMENTS = YES;
				CLANG_WARN_EMPTY_BODY = YES;
				CLANG_WARN_ENUM_CONVERSION = YES;
				CLANG_WARN_INFINITE_RECURSION = YES;
				CLANG_WARN_INT_CONVERSION = YES;
				CLANG_WARN_NON_LITERAL_NULL_CONVERSION = YES;
				CLANG_WARN_OBJC_IMPLICIT_RETAIN_SELF = YES;
				CLANG_WARN_OBJC_LITERAL_CONVERSION = YES;
				CLANG_WARN_OBJC_ROOT_CLASS = YES_ERROR;
				CLANG_WARN_QUOTED_INCLUDE_IN_FRAMEWORK_HEADER = YES;
				CLANG_WARN_RANGE_LOOP_ANALYSIS = YES;
				CLANG_WARN_STRICT_PROTOTYPES = YES;
				CLANG_WARN_SUSPICIOUS_MOVE = YES;
				CLANG_WARN_UNGUARDED_AVAILABILITY = YES_AGGRESSIVE;
				CLANG_WARN_UNREACHABLE_CODE = YES;
				CLANG_WARN__DUPLICATE_METHOD_MATCH = YES;
				COPY_PHASE_STRIP = NO;
				DEBUG_INFORMATION_FORMAT = "dwarf-with-dsym";
				ENABLE_NS_ASSERTIONS = NO;
				ENABLE_STRICT_OBJC_MSGSEND = YES;
				GCC_C_LANGUAGE_STANDARD = gnu11;
				GCC_NO_COMMON_BLOCKS = YES;
				GCC_WARN_64_TO_32_BIT_CONVERSION = YES;
				GCC_WARN_ABOUT_RETURN_TYPE = YES_ERROR;
				GCC_WARN_UNDECLARED_SELECTOR = YES;
				GCC_WARN_UNINITIALIZED_AUTOS = YES_AGGRESSIVE;
				GCC_WARN_UNUSED_FUNCTION = YES;
				GCC_WARN_UNUSED_VARIABLE = YES;
				MTL_ENABLE_DEBUG_INFO = NO;
				MTL_FAST_MATH = YES;
				SWIFT_COMPILATION_MODE = wholemodule;
				SWIFT_OPTIMIZATION_LEVEL = "-O";
			};
			name = Release;
		};
		E5421F3829E5C20B00A98D88 /* Debug */ = {
			isa = XCBuildConfiguration;
			buildSettings = {
				ASSETCATALOG_COMPILER_APPICON_NAME = AppIcon;
				ASSETCATALOG_COMPILER_GLOBAL_ACCENT_COLOR_NAME = AccentColor;
				CODE_SIGN_ENTITLEMENTS = ManifoldTradingBot/ManifoldTradingBot.entitlements;
				CODE_SIGN_STYLE = Automatic;
				CURRENT_PROJECT_VERSION = 1;
				DEVELOPMENT_ASSET_PATHS = "\"ManifoldTradingBot/Preview Content\"";
				DEVELOPMENT_TEAM = NN928SCZ5Y;
				ENABLE_HARDENED_RUNTIME = YES;
				ENABLE_PREVIEWS = YES;
				GENERATE_INFOPLIST_FILE = YES;
				"INFOPLIST_KEY_UIApplicationSceneManifest_Generation[sdk=iphoneos*]" = YES;
				"INFOPLIST_KEY_UIApplicationSceneManifest_Generation[sdk=iphonesimulator*]" = YES;
				"INFOPLIST_KEY_UIApplicationSupportsIndirectInputEvents[sdk=iphoneos*]" = YES;
				"INFOPLIST_KEY_UIApplicationSupportsIndirectInputEvents[sdk=iphonesimulator*]" = YES;
				"INFOPLIST_KEY_UILaunchScreen_Generation[sdk=iphoneos*]" = YES;
				"INFOPLIST_KEY_UILaunchScreen_Generation[sdk=iphonesimulator*]" = YES;
				"INFOPLIST_KEY_UIStatusBarStyle[sdk=iphoneos*]" = UIStatusBarStyleDefault;
				"INFOPLIST_KEY_UIStatusBarStyle[sdk=iphonesimulator*]" = UIStatusBarStyleDefault;
				INFOPLIST_KEY_UISupportedInterfaceOrientations_iPad = "UIInterfaceOrientationPortrait UIInterfaceOrientationPortraitUpsideDown UIInterfaceOrientationLandscapeLeft UIInterfaceOrientationLandscapeRight";
				INFOPLIST_KEY_UISupportedInterfaceOrientations_iPhone = "UIInterfaceOrientationPortrait UIInterfaceOrientationLandscapeLeft UIInterfaceOrientationLandscapeRight";
				IPHONEOS_DEPLOYMENT_TARGET = 16.4;
				LD_RUNPATH_SEARCH_PATHS = "@executable_path/Frameworks";
				"LD_RUNPATH_SEARCH_PATHS[sdk=macosx*]" = "@executable_path/../Frameworks";
				MACOSX_DEPLOYMENT_TARGET = 13.3;
				MARKETING_VERSION = 1.0;
				PRODUCT_BUNDLE_IDENTIFIER = me.balbona.ManifoldTradingBot;
				PRODUCT_NAME = "$(TARGET_NAME)";
				SDKROOT = auto;
				SUPPORTED_PLATFORMS = "iphoneos iphonesimulator macosx";
				SWIFT_EMIT_LOC_STRINGS = YES;
				SWIFT_VERSION = 5.0;
				TARGETED_DEVICE_FAMILY = "1,2";
			};
			name = Debug;
		};
		E5421F3929E5C20B00A98D88 /* Release */ = {
			isa = XCBuildConfiguration;
			buildSettings = {
				ASSETCATALOG_COMPILER_APPICON_NAME = AppIcon;
				ASSETCATALOG_COMPILER_GLOBAL_ACCENT_COLOR_NAME = AccentColor;
				CODE_SIGN_ENTITLEMENTS = ManifoldTradingBot/ManifoldTradingBot.entitlements;
				CODE_SIGN_STYLE = Automatic;
				CURRENT_PROJECT_VERSION = 1;
				DEVELOPMENT_ASSET_PATHS = "\"ManifoldTradingBot/Preview Content\"";
				DEVELOPMENT_TEAM = NN928SCZ5Y;
				ENABLE_HARDENED_RUNTIME = YES;
				ENABLE_PREVIEWS = YES;
				GENERATE_INFOPLIST_FILE = YES;
				"INFOPLIST_KEY_UIApplicationSceneManifest_Generation[sdk=iphoneos*]" = YES;
				"INFOPLIST_KEY_UIApplicationSceneManifest_Generation[sdk=iphonesimulator*]" = YES;
				"INFOPLIST_KEY_UIApplicationSupportsIndirectInputEvents[sdk=iphoneos*]" = YES;
				"INFOPLIST_KEY_UIApplicationSupportsIndirectInputEvents[sdk=iphonesimulator*]" = YES;
				"INFOPLIST_KEY_UILaunchScreen_Generation[sdk=iphoneos*]" = YES;
				"INFOPLIST_KEY_UILaunchScreen_Generation[sdk=iphonesimulator*]" = YES;
				"INFOPLIST_KEY_UIStatusBarStyle[sdk=iphoneos*]" = UIStatusBarStyleDefault;
				"INFOPLIST_KEY_UIStatusBarStyle[sdk=iphonesimulator*]" = UIStatusBarStyleDefault;
				INFOPLIST_KEY_UISupportedInterfaceOrientations_iPad = "UIInterfaceOrientationPortrait UIInterfaceOrientationPortraitUpsideDown UIInterfaceOrientationLandscapeLeft UIInterfaceOrientationLandscapeRight";
				INFOPLIST_KEY_UISupportedInterfaceOrientations_iPhone = "UIInterfaceOrientationPortrait UIInterfaceOrientationLandscapeLeft UIInterfaceOrientationLandscapeRight";
				IPHONEOS_DEPLOYMENT_TARGET = 16.4;
				LD_RUNPATH_SEARCH_PATHS = "@executable_path/Frameworks";
				"LD_RUNPATH_SEARCH_PATHS[sdk=macosx*]" = "@executable_path/../Frameworks";
				MACOSX_DEPLOYMENT_TARGET = 13.3;
				MARKETING_VERSION = 1.0;
				PRODUCT_BUNDLE_IDENTIFIER = me.balbona.ManifoldTradingBot;
				PRODUCT_NAME = "$(TARGET_NAME)";
				SDKROOT = auto;
				SUPPORTED_PLATFORMS = "iphoneos iphonesimulator macosx";
				SWIFT_EMIT_LOC_STRINGS = YES;
				SWIFT_VERSION = 5.0;
				TARGETED_DEVICE_FAMILY = "1,2";
			};
			name = Release;
		};
		E5421F3B29E5C20B00A98D88 /* Debug */ = {
			isa = XCBuildConfiguration;
			buildSettings = {
				ALWAYS_EMBED_SWIFT_STANDARD_LIBRARIES = YES;
				BUNDLE_LOADER = "$(TEST_HOST)";
				CODE_SIGN_STYLE = Automatic;
				CURRENT_PROJECT_VERSION = 1;
				DEVELOPMENT_TEAM = NN928SCZ5Y;
				GENERATE_INFOPLIST_FILE = YES;
				IPHONEOS_DEPLOYMENT_TARGET = 16.4;
				MACOSX_DEPLOYMENT_TARGET = 13.3;
				MARKETING_VERSION = 1.0;
				PRODUCT_BUNDLE_IDENTIFIER = me.balbona.ManifoldTradingBotTests;
				PRODUCT_NAME = "$(TARGET_NAME)";
				SDKROOT = auto;
				SUPPORTED_PLATFORMS = "iphoneos iphonesimulator macosx";
				SWIFT_EMIT_LOC_STRINGS = NO;
				SWIFT_VERSION = 5.0;
				TARGETED_DEVICE_FAMILY = "1,2";
				TEST_HOST = "$(BUILT_PRODUCTS_DIR)/ManifoldTradingBot.app/$(BUNDLE_EXECUTABLE_FOLDER_PATH)/ManifoldTradingBot";
			};
			name = Debug;
		};
		E5421F3C29E5C20B00A98D88 /* Release */ = {
			isa = XCBuildConfiguration;
			buildSettings = {
				ALWAYS_EMBED_SWIFT_STANDARD_LIBRARIES = YES;
				BUNDLE_LOADER = "$(TEST_HOST)";
				CODE_SIGN_STYLE = Automatic;
				CURRENT_PROJECT_VERSION = 1;
				DEVELOPMENT_TEAM = NN928SCZ5Y;
				GENERATE_INFOPLIST_FILE = YES;
				IPHONEOS_DEPLOYMENT_TARGET = 16.4;
				MACOSX_DEPLOYMENT_TARGET = 13.3;
				MARKETING_VERSION = 1.0;
				PRODUCT_BUNDLE_IDENTIFIER = me.balbona.ManifoldTradingBotTests;
				PRODUCT_NAME = "$(TARGET_NAME)";
				SDKROOT = auto;
				SUPPORTED_PLATFORMS = "iphoneos iphonesimulator macosx";
				SWIFT_EMIT_LOC_STRINGS = NO;
				SWIFT_VERSION = 5.0;
				TARGETED_DEVICE_FAMILY = "1,2";
				TEST_HOST = "$(BUILT_PRODUCTS_DIR)/ManifoldTradingBot.app/$(BUNDLE_EXECUTABLE_FOLDER_PATH)/ManifoldTradingBot";
			};
			name = Release;
		};
		E5421F3E29E5C20B00A98D88 /* Debug */ = {
			isa = XCBuildConfiguration;
			buildSettings = {
				ALWAYS_EMBED_SWIFT_STANDARD_LIBRARIES = YES;
				CODE_SIGN_STYLE = Automatic;
				CURRENT_PROJECT_VERSION = 1;
				DEVELOPMENT_TEAM = NN928SCZ5Y;
				GENERATE_INFOPLIST_FILE = YES;
				IPHONEOS_DEPLOYMENT_TARGET = 16.4;
				MACOSX_DEPLOYMENT_TARGET = 13.3;
				MARKETING_VERSION = 1.0;
				PRODUCT_BUNDLE_IDENTIFIER = me.balbona.ManifoldTradingBotUITests;
				PRODUCT_NAME = "$(TARGET_NAME)";
				SDKROOT = auto;
				SUPPORTED_PLATFORMS = "iphoneos iphonesimulator macosx";
				SWIFT_EMIT_LOC_STRINGS = NO;
				SWIFT_VERSION = 5.0;
				TARGETED_DEVICE_FAMILY = "1,2";
				TEST_TARGET_NAME = ManifoldTradingBot;
			};
			name = Debug;
		};
		E5421F3F29E5C20B00A98D88 /* Release */ = {
			isa = XCBuildConfiguration;
			buildSettings = {
				ALWAYS_EMBED_SWIFT_STANDARD_LIBRARIES = YES;
				CODE_SIGN_STYLE = Automatic;
				CURRENT_PROJECT_VERSION = 1;
				DEVELOPMENT_TEAM = NN928SCZ5Y;
				GENERATE_INFOPLIST_FILE = YES;
				IPHONEOS_DEPLOYMENT_TARGET = 16.4;
				MACOSX_DEPLOYMENT_TARGET = 13.3;
				MARKETING_VERSION = 1.0;
				PRODUCT_BUNDLE_IDENTIFIER = me.balbona.ManifoldTradingBotUITests;
				PRODUCT_NAME = "$(TARGET_NAME)";
				SDKROOT = auto;
				SUPPORTED_PLATFORMS = "iphoneos iphonesimulator macosx";
				SWIFT_EMIT_LOC_STRINGS = NO;
				SWIFT_VERSION = 5.0;
				TARGETED_DEVICE_FAMILY = "1,2";
				TEST_TARGET_NAME = ManifoldTradingBot;
			};
			name = Release;
		};
/* End XCBuildConfiguration section */

/* Begin XCConfigurationList section */
		E5421F0D29E5C20900A98D88 /* Build configuration list for PBXProject "ManifoldTradingBot" */ = {
			isa = XCConfigurationList;
			buildConfigurations = (
				E5421F3529E5C20B00A98D88 /* Debug */,
				E5421F3629E5C20B00A98D88 /* Release */,
			);
			defaultConfigurationIsVisible = 0;
			defaultConfigurationName = Release;
		};
		E5421F3729E5C20B00A98D88 /* Build configuration list for PBXNativeTarget "ManifoldTradingBot" */ = {
			isa = XCConfigurationList;
			buildConfigurations = (
				E5421F3829E5C20B00A98D88 /* Debug */,
				E5421F3929E5C20B00A98D88 /* Release */,
			);
			defaultConfigurationIsVisible = 0;
			defaultConfigurationName = Release;
		};
		E5421F3A29E5C20B00A98D88 /* Build configuration list for PBXNativeTarget "ManifoldTradingBotTests" */ = {
			isa = XCConfigurationList;
			buildConfigurations = (
				E5421F3B29E5C20B00A98D88 /* Debug */,
				E5421F3C29E5C20B00A98D88 /* Release */,
			);
			defaultConfigurationIsVisible = 0;
			defaultConfigurationName = Release;
		};
		E5421F3D29E5C20B00A98D88 /* Build configuration list for PBXNativeTarget "ManifoldTradingBotUITests" */ = {
			isa = XCConfigurationList;
			buildConfigurations = (
				E5421F3E29E5C20B00A98D88 /* Debug */,
				E5421F3F29E5C20B00A98D88 /* Release */,
			);
			defaultConfigurationIsVisible = 0;
			defaultConfigurationName = Release;
		};
/* End XCConfigurationList section */
	};
	rootObject = E5421F0A29E5C20900A98D88 /* Project object */;
}
