// !$*UTF8*$!
{
	archiveVersion = 1;
	classes = {
	};
	objectVersion = 56;
	objects = {

/* Begin PBXBuildFile section */
		E533DEF729E5D409000458E3 /* PlaceBet.swift in Sources */ = {isa = PBXBuildFile; fileRef = E533DEF629E5D409000458E3 /* PlaceBet.swift */; };
		E5421F4929E5C2AF00A98D88 /* main.swift in Sources */ = {isa = PBXBuildFile; fileRef = E5421F4829E5C2AF00A98D88 /* main.swift */; };
		E5421F4F29E5C2F800A98D88 /* ManifoldApi.swift in Sources */ = {isa = PBXBuildFile; fileRef = E5421F4E29E5C2F800A98D88 /* ManifoldApi.swift */; };
		E5421F5229E5C32100A98D88 /* Dotenv in Frameworks */ = {isa = PBXBuildFile; productRef = E5421F5129E5C32100A98D88 /* Dotenv */; };
		E5421F5529E5C33000A98D88 /* Alamofire in Frameworks */ = {isa = PBXBuildFile; productRef = E5421F5429E5C33000A98D88 /* Alamofire */; };
		E553591A29E5C74E00C3AF16 /* GetMe.swift in Sources */ = {isa = PBXBuildFile; fileRef = E553591929E5C74E00C3AF16 /* GetMe.swift */; };
/* End PBXBuildFile section */

/* Begin PBXCopyFilesBuildPhase section */
		E5421F4429E5C2AF00A98D88 /* CopyFiles */ = {
			isa = PBXCopyFilesBuildPhase;
			buildActionMask = 2147483647;
			dstPath = /usr/share/man/man1/;
			dstSubfolderSpec = 0;
			files = (
			);
			runOnlyForDeploymentPostprocessing = 1;
		};
/* End PBXCopyFilesBuildPhase section */

/* Begin PBXFileReference section */
		E533DEF629E5D409000458E3 /* PlaceBet.swift */ = {isa = PBXFileReference; lastKnownFileType = sourcecode.swift; path = PlaceBet.swift; sourceTree = "<group>"; };
		E5421F4629E5C2AF00A98D88 /* CLI */ = {isa = PBXFileReference; explicitFileType = "compiled.mach-o.executable"; includeInIndex = 0; path = CLI; sourceTree = BUILT_PRODUCTS_DIR; };
		E5421F4829E5C2AF00A98D88 /* main.swift */ = {isa = PBXFileReference; lastKnownFileType = sourcecode.swift; path = main.swift; sourceTree = "<group>"; };
		E5421F4E29E5C2F800A98D88 /* ManifoldApi.swift */ = {isa = PBXFileReference; lastKnownFileType = sourcecode.swift; path = ManifoldApi.swift; sourceTree = "<group>"; };
		E5421F5729E5C38100A98D88 /* .env */ = {isa = PBXFileReference; lastKnownFileType = text; path = .env; sourceTree = "<group>"; };
		E5421F5829E5C3C000A98D88 /* .gitignore */ = {isa = PBXFileReference; lastKnownFileType = text; path = .gitignore; sourceTree = "<group>"; };
		E553591929E5C74E00C3AF16 /* GetMe.swift */ = {isa = PBXFileReference; lastKnownFileType = sourcecode.swift; path = GetMe.swift; sourceTree = "<group>"; };
/* End PBXFileReference section */

/* Begin PBXFrameworksBuildPhase section */
		E5421F4329E5C2AF00A98D88 /* Frameworks */ = {
			isa = PBXFrameworksBuildPhase;
			buildActionMask = 2147483647;
			files = (
				E5421F5229E5C32100A98D88 /* Dotenv in Frameworks */,
				E5421F5529E5C33000A98D88 /* Alamofire in Frameworks */,
			);
			runOnlyForDeploymentPostprocessing = 0;
		};
/* End PBXFrameworksBuildPhase section */

/* Begin PBXGroup section */
		E5421F0929E5C20900A98D88 = {
			isa = PBXGroup;
			children = (
				E5421F4729E5C2AF00A98D88 /* CLI */,
				E5421F1329E5C20A00A98D88 /* Products */,
			);
			sourceTree = "<group>";
		};
		E5421F1329E5C20A00A98D88 /* Products */ = {
			isa = PBXGroup;
			children = (
				E5421F4629E5C2AF00A98D88 /* CLI */,
			);
			name = Products;
			sourceTree = "<group>";
		};
		E5421F4729E5C2AF00A98D88 /* CLI */ = {
			isa = PBXGroup;
			children = (
				E5421F4D29E5C2EA00A98D88 /* ManifoldApi */,
				E5421F4829E5C2AF00A98D88 /* main.swift */,
				E5421F5729E5C38100A98D88 /* .env */,
				E5421F5829E5C3C000A98D88 /* .gitignore */,
			);
			path = CLI;
			sourceTree = "<group>";
		};
		E5421F4D29E5C2EA00A98D88 /* ManifoldApi */ = {
			isa = PBXGroup;
			children = (
				E553591829E5C71500C3AF16 /* Endpoints */,
				E5421F4E29E5C2F800A98D88 /* ManifoldApi.swift */,
			);
			path = ManifoldApi;
			sourceTree = "<group>";
		};
		E553591829E5C71500C3AF16 /* Endpoints */ = {
			isa = PBXGroup;
			children = (
				E553591929E5C74E00C3AF16 /* GetMe.swift */,
				E533DEF629E5D409000458E3 /* PlaceBet.swift */,
			);
			path = Endpoints;
			sourceTree = "<group>";
		};
/* End PBXGroup section */

/* Begin PBXNativeTarget section */
		E5421F4529E5C2AF00A98D88 /* CLI */ = {
			isa = PBXNativeTarget;
			buildConfigurationList = E5421F4A29E5C2AF00A98D88 /* Build configuration list for PBXNativeTarget "CLI" */;
			buildPhases = (
				E5421F4229E5C2AF00A98D88 /* Sources */,
				E5421F4329E5C2AF00A98D88 /* Frameworks */,
				E5421F4429E5C2AF00A98D88 /* CopyFiles */,
			);
			buildRules = (
			);
			dependencies = (
				E5421F5A29E5C3DA00A98D88 /* PBXTargetDependency */,
			);
			name = CLI;
			packageProductDependencies = (
				E5421F5129E5C32100A98D88 /* Dotenv */,
				E5421F5429E5C33000A98D88 /* Alamofire */,
			);
			productName = ManifoldTradingBotCli;
			productReference = E5421F4629E5C2AF00A98D88 /* CLI */;
			productType = "com.apple.product-type.tool";
		};
/* End PBXNativeTarget section */

/* Begin PBXProject section */
		E5421F0A29E5C20900A98D88 /* Project object */ = {
			isa = PBXProject;
			attributes = {
				BuildIndependentTargetsInParallel = 1;
				LastSwiftUpdateCheck = 1430;
				LastUpgradeCheck = 1430;
				TargetAttributes = {
					E5421F4529E5C2AF00A98D88 = {
						CreatedOnToolsVersion = 14.3;
					};
				};
			};
			buildConfigurationList = E5421F0D29E5C20900A98D88 /* Build configuration list for PBXProject "ManifoldTradingBot" */;
			compatibilityVersion = "Xcode 14.0";
			developmentRegion = en;
			hasScannedForEncodings = 0;
			knownRegions = (
				en,
				Base,
			);
			mainGroup = E5421F0929E5C20900A98D88;
			packageReferences = (
				E5421F5029E5C32100A98D88 /* XCRemoteSwiftPackageReference "swift-dotenv" */,
				E5421F5329E5C33000A98D88 /* XCRemoteSwiftPackageReference "Alamofire" */,
				E5421F5629E5C34D00A98D88 /* XCRemoteSwiftPackageReference "SwiftLint" */,
			);
			productRefGroup = E5421F1329E5C20A00A98D88 /* Products */;
			projectDirPath = "";
			projectRoot = "";
			targets = (
				E5421F4529E5C2AF00A98D88 /* CLI */,
			);
		};
/* End PBXProject section */

/* Begin PBXSourcesBuildPhase section */
		E5421F4229E5C2AF00A98D88 /* Sources */ = {
			isa = PBXSourcesBuildPhase;
			buildActionMask = 2147483647;
			files = (
				E5421F4F29E5C2F800A98D88 /* ManifoldApi.swift in Sources */,
				E533DEF729E5D409000458E3 /* PlaceBet.swift in Sources */,
				E553591A29E5C74E00C3AF16 /* GetMe.swift in Sources */,
				E5421F4929E5C2AF00A98D88 /* main.swift in Sources */,
			);
			runOnlyForDeploymentPostprocessing = 0;
		};
/* End PBXSourcesBuildPhase section */

/* Begin PBXTargetDependency section */
		E5421F5A29E5C3DA00A98D88 /* PBXTargetDependency */ = {
			isa = PBXTargetDependency;
			productRef = E5421F5929E5C3DA00A98D88 /* SwiftLintPlugin */;
		};
/* End PBXTargetDependency section */

/* Begin XCBuildConfiguration section */
		E5421F3529E5C20B00A98D88 /* Debug */ = {
			isa = XCBuildConfiguration;
			buildSettings = {
				ALWAYS_SEARCH_USER_PATHS = NO;
				CLANG_ANALYZER_NONNULL = YES;
				CLANG_ANALYZER_NUMBER_OBJECT_CONVERSION = YES_AGGRESSIVE;
				CLANG_CXX_LANGUAGE_STANDARD = "gnu++20";
				CLANG_ENABLE_MODULES = YES;
				CLANG_ENABLE_OBJC_ARC = YES;
				CLANG_ENABLE_OBJC_WEAK = YES;
				CLANG_WARN_BLOCK_CAPTURE_AUTORELEASING = YES;
				CLANG_WARN_BOOL_CONVERSION = YES;
				CLANG_WARN_COMMA = YES;
				CLANG_WARN_CONSTANT_CONVERSION = YES;
				CLANG_WARN_DEPRECATED_OBJC_IMPLEMENTATIONS = YES;
				CLANG_WARN_DIRECT_OBJC_ISA_USAGE = YES_ERROR;
				CLANG_WARN_DOCUMENTATION_COMMENTS = YES;
				CLANG_WARN_EMPTY_BODY = YES;
				CLANG_WARN_ENUM_CONVERSION = YES;
				CLANG_WARN_INFINITE_RECURSION = YES;
				CLANG_WARN_INT_CONVERSION = YES;
				CLANG_WARN_NON_LITERAL_NULL_CONVERSION = YES;
				CLANG_WARN_OBJC_IMPLICIT_RETAIN_SELF = YES;
				CLANG_WARN_OBJC_LITERAL_CONVERSION = YES;
				CLANG_WARN_OBJC_ROOT_CLASS = YES_ERROR;
				CLANG_WARN_QUOTED_INCLUDE_IN_FRAMEWORK_HEADER = YES;
				CLANG_WARN_RANGE_LOOP_ANALYSIS = YES;
				CLANG_WARN_STRICT_PROTOTYPES = YES;
				CLANG_WARN_SUSPICIOUS_MOVE = YES;
				CLANG_WARN_UNGUARDED_AVAILABILITY = YES_AGGRESSIVE;
				CLANG_WARN_UNREACHABLE_CODE = YES;
				CLANG_WARN__DUPLICATE_METHOD_MATCH = YES;
				COPY_PHASE_STRIP = NO;
				DEBUG_INFORMATION_FORMAT = dwarf;
				ENABLE_STRICT_OBJC_MSGSEND = YES;
				ENABLE_TESTABILITY = YES;
				GCC_C_LANGUAGE_STANDARD = gnu11;
				GCC_DYNAMIC_NO_PIC = NO;
				GCC_NO_COMMON_BLOCKS = YES;
				GCC_OPTIMIZATION_LEVEL = 0;
				GCC_PREPROCESSOR_DEFINITIONS = (
					"DEBUG=1",
					"$(inherited)",
				);
				GCC_WARN_64_TO_32_BIT_CONVERSION = YES;
				GCC_WARN_ABOUT_RETURN_TYPE = YES_ERROR;
				GCC_WARN_UNDECLARED_SELECTOR = YES;
				GCC_WARN_UNINITIALIZED_AUTOS = YES_AGGRESSIVE;
				GCC_WARN_UNUSED_FUNCTION = YES;
				GCC_WARN_UNUSED_VARIABLE = YES;
				MTL_ENABLE_DEBUG_INFO = INCLUDE_SOURCE;
				MTL_FAST_MATH = YES;
				ONLY_ACTIVE_ARCH = YES;
				SWIFT_ACTIVE_COMPILATION_CONDITIONS = DEBUG;
				SWIFT_OPTIMIZATION_LEVEL = "-Onone";
			};
			name = Debug;
		};
		E5421F3629E5C20B00A98D88 /* Release */ = {
			isa = XCBuildConfiguration;
			buildSettings = {
				ALWAYS_SEARCH_USER_PATHS = NO;
				CLANG_ANALYZER_NONNULL = YES;
				CLANG_ANALYZER_NUMBER_OBJECT_CONVERSION = YES_AGGRESSIVE;
				CLANG_CXX_LANGUAGE_STANDARD = "gnu++20";
				CLANG_ENABLE_MODULES = YES;
				CLANG_ENABLE_OBJC_ARC = YES;
				CLANG_ENABLE_OBJC_WEAK = YES;
				CLANG_WARN_BLOCK_CAPTURE_AUTORELEASING = YES;
				CLANG_WARN_BOOL_CONVERSION = YES;
				CLANG_WARN_COMMA = YES;
				CLANG_WARN_CONSTANT_CONVERSION = YES;
				CLANG_WARN_DEPRECATED_OBJC_IMPLEMENTATIONS = YES;
				CLANG_WARN_DIRECT_OBJC_ISA_USAGE = YES_ERROR;
				CLANG_WARN_DOCUMENTATION_COMMENTS = YES;
				CLANG_WARN_EMPTY_BODY = YES;
				CLANG_WARN_ENUM_CONVERSION = YES;
				CLANG_WARN_INFINITE_RECURSION = YES;
				CLANG_WARN_INT_CONVERSION = YES;
				CLANG_WARN_NON_LITERAL_NULL_CONVERSION = YES;
				CLANG_WARN_OBJC_IMPLICIT_RETAIN_SELF = YES;
				CLANG_WARN_OBJC_LITERAL_CONVERSION = YES;
				CLANG_WARN_OBJC_ROOT_CLASS = YES_ERROR;
				CLANG_WARN_QUOTED_INCLUDE_IN_FRAMEWORK_HEADER = YES;
				CLANG_WARN_RANGE_LOOP_ANALYSIS = YES;
				CLANG_WARN_STRICT_PROTOTYPES = YES;
				CLANG_WARN_SUSPICIOUS_MOVE = YES;
				CLANG_WARN_UNGUARDED_AVAILABILITY = YES_AGGRESSIVE;
				CLANG_WARN_UNREACHABLE_CODE = YES;
				CLANG_WARN__DUPLICATE_METHOD_MATCH = YES;
				COPY_PHASE_STRIP = NO;
				DEBUG_INFORMATION_FORMAT = "dwarf-with-dsym";
				ENABLE_NS_ASSERTIONS = NO;
				ENABLE_STRICT_OBJC_MSGSEND = YES;
				GCC_C_LANGUAGE_STANDARD = gnu11;
				GCC_NO_COMMON_BLOCKS = YES;
				GCC_WARN_64_TO_32_BIT_CONVERSION = YES;
				GCC_WARN_ABOUT_RETURN_TYPE = YES_ERROR;
				GCC_WARN_UNDECLARED_SELECTOR = YES;
				GCC_WARN_UNINITIALIZED_AUTOS = YES_AGGRESSIVE;
				GCC_WARN_UNUSED_FUNCTION = YES;
				GCC_WARN_UNUSED_VARIABLE = YES;
				MTL_ENABLE_DEBUG_INFO = NO;
				MTL_FAST_MATH = YES;
				SWIFT_COMPILATION_MODE = wholemodule;
				SWIFT_OPTIMIZATION_LEVEL = "-O";
			};
			name = Release;
		};
		E5421F4B29E5C2AF00A98D88 /* Debug */ = {
			isa = XCBuildConfiguration;
			buildSettings = {
				CODE_SIGN_STYLE = Automatic;
				DEVELOPMENT_TEAM = NN928SCZ5Y;
				ENABLE_HARDENED_RUNTIME = YES;
				MACOSX_DEPLOYMENT_TARGET = 13.3;
				PRODUCT_NAME = "$(TARGET_NAME)";
				SDKROOT = macosx;
				SWIFT_VERSION = 5.0;
			};
			name = Debug;
		};
		E5421F4C29E5C2AF00A98D88 /* Release */ = {
			isa = XCBuildConfiguration;
			buildSettings = {
				CODE_SIGN_STYLE = Automatic;
				DEVELOPMENT_TEAM = NN928SCZ5Y;
				ENABLE_HARDENED_RUNTIME = YES;
				MACOSX_DEPLOYMENT_TARGET = 13.3;
				PRODUCT_NAME = "$(TARGET_NAME)";
				SDKROOT = macosx;
				SWIFT_VERSION = 5.0;
			};
			name = Release;
		};
/* End XCBuildConfiguration section */

/* Begin XCConfigurationList section */
		E5421F0D29E5C20900A98D88 /* Build configuration list for PBXProject "ManifoldTradingBot" */ = {
			isa = XCConfigurationList;
			buildConfigurations = (
				E5421F3529E5C20B00A98D88 /* Debug */,
				E5421F3629E5C20B00A98D88 /* Release */,
			);
			defaultConfigurationIsVisible = 0;
			defaultConfigurationName = Release;
		};
		E5421F4A29E5C2AF00A98D88 /* Build configuration list for PBXNativeTarget "CLI" */ = {
			isa = XCConfigurationList;
			buildConfigurations = (
				E5421F4B29E5C2AF00A98D88 /* Debug */,
				E5421F4C29E5C2AF00A98D88 /* Release */,
			);
			defaultConfigurationIsVisible = 0;
			defaultConfigurationName = Release;
		};
/* End XCConfigurationList section */

/* Begin XCRemoteSwiftPackageReference section */
		E5421F5029E5C32100A98D88 /* XCRemoteSwiftPackageReference "swift-dotenv" */ = {
			isa = XCRemoteSwiftPackageReference;
			repositoryURL = "https://github.com/emilioschepis/swift-dotenv.git";
			requirement = {
				kind = upToNextMajorVersion;
				minimumVersion = 1.0.0;
			};
		};
		E5421F5329E5C33000A98D88 /* XCRemoteSwiftPackageReference "Alamofire" */ = {
			isa = XCRemoteSwiftPackageReference;
			repositoryURL = "https://github.com/Alamofire/Alamofire.git";
			requirement = {
				kind = upToNextMajorVersion;
				minimumVersion = 5.0.0;
			};
		};
		E5421F5629E5C34D00A98D88 /* XCRemoteSwiftPackageReference "SwiftLint" */ = {
			isa = XCRemoteSwiftPackageReference;
			repositoryURL = "https://github.com/realm/SwiftLint.git";
			requirement = {
				kind = upToNextMajorVersion;
				minimumVersion = 0.51.0;
			};
		};
/* End XCRemoteSwiftPackageReference section */

/* Begin XCSwiftPackageProductDependency section */
		E5421F5129E5C32100A98D88 /* Dotenv */ = {
			isa = XCSwiftPackageProductDependency;
			package = E5421F5029E5C32100A98D88 /* XCRemoteSwiftPackageReference "swift-dotenv" */;
			productName = Dotenv;
		};
		E5421F5429E5C33000A98D88 /* Alamofire */ = {
			isa = XCSwiftPackageProductDependency;
			package = E5421F5329E5C33000A98D88 /* XCRemoteSwiftPackageReference "Alamofire" */;
			productName = Alamofire;
		};
		E5421F5929E5C3DA00A98D88 /* SwiftLintPlugin */ = {
			isa = XCSwiftPackageProductDependency;
			package = E5421F5629E5C34D00A98D88 /* XCRemoteSwiftPackageReference "SwiftLint" */;
			productName = "plugin:SwiftLintPlugin";
		};
/* End XCSwiftPackageProductDependency section */
	};
	rootObject = E5421F0A29E5C20900A98D88 /* Project object */;
}
