{
  "version": "5",
  "specifiers": {
    "jsr:@std/assert@^1.0.15": "1.0.15",
    "jsr:@std/internal@^1.0.12": "1.0.12",
    "npm:zod@^4.1.12": "4.1.12"
  },
  "jsr": {
    "@std/assert@1.0.15": {
      "integrity": "d64018e951dbdfab9777335ecdb000c0b4e3df036984083be219ce5941e4703b",
      "dependencies": [
        "jsr:@std/internal"
      ]
    },
    "@std/internal@1.0.12": {
      "integrity": "972a634fd5bc34b242024402972cd5143eac68d8dffaca5eaa4dba30ce17b027"
    }
  },
  "npm": {
    "zod@4.1.12": {
      "integrity": "sha512-JInaHOamG8pt5+Ey8kGmdcAcg3OL9reK8ltczgHTAwNhMys/6ThXHityHxVV2p3fkw/c+MAvBHFVYHFZDmjMCQ=="
    }
  },
  "remote": {
    "https://esm.sh/zod@3.22.2": "52dad03f8f21300bfcc0dc2217b04f4a45d6dc22e26f4d7559bd313d77058ef8",
    "https://esm.sh/zod@3.22.2/denonext/zod.mjs": "06a47ed5e7cbceece3135f2f710ee53092a9aaa513b1e0b48faac476e0110c52"
  },
  "workspace": {
    "dependencies": [
      "jsr:@std/assert@^1.0.15",
      "npm:zod@^4.1.12"
    ]
  }
}
